
Microsoft Visual Studio Solution File, Format Version 12.00
# Visual Studio Version 17
VisualStudioVersion = 17.11.35327.3
MinimumVisualStudioVersion = 10.0.40219.1
Project("{FAE04EC0-301F-11D3-BF4B-00C04F79EFBC}") = "CRUDAPP", "CRUDAPP.csproj", "{B385A287-43EC-4D84-87BD-0B3FF2AB99E8}"
EndProject
Global
	GlobalSection(SolutionConfigurationPlatforms) = preSolution
		Debug|Any CPU = Debug|Any CPU
		Release|Any CPU = Release|Any CPU
	EndGlobalSection
	GlobalSection(ProjectConfigurationPlatforms) = postSolution
		{B385A287-43EC-4D84-87BD-0B3FF2AB99E8}.Debug|Any CPU.ActiveCfg = Debug|Any CPU
		{B385A287-43EC-4D84-87BD-0B3FF2AB99E8}.Debug|Any CPU.Build.0 = Debug|Any CPU
		{B385A287-43EC-4D84-87BD-0B3FF2AB99E8}.Release|Any CPU.ActiveCfg = Release|Any CPU
		{B385A287-43EC-4D84-87BD-0B3FF2AB99E8}.Release|Any CPU.Build.0 = Release|Any CPU
	EndGlobalSection
	GlobalSection(SolutionProperties) = preSolution
		HideSolutionNode = FALSE
	EndGlobalSection
	GlobalSection(ExtensibilityGlobals) = postSolution
		SolutionGuid = {901D0E4D-6A03-487A-9EFD-524572786358}
	EndGlobalSection
EndGlobal
